
Microsoft Visual Studio Solution File, Format Version 12.00
# Visual Studio Version 16
VisualStudioVersion = 16.0.31515.178
MinimumVisualStudioVersion = 10.0.40219.1
Project("{FAE04EC0-301F-11D3-BF4B-00C04F79EFBC}") = "Portal_Noticia_API", "Portal_Noticia_API\Portal_Noticia_API.csproj", "{EC702FCD-5F8E-4AD5-B4FE-ED6766C76522}"
EndProject
Global
	GlobalSection(SolutionConfigurationPlatforms) = preSolution
		Debug|Any CPU = Debug|Any CPU
		Release|Any CPU = Release|Any CPU
	EndGlobalSection
	GlobalSection(ProjectConfigurationPlatforms) = postSolution
		{EC702FCD-5F8E-4AD5-B4FE-ED6766C76522}.Debug|Any CPU.ActiveCfg = Debug|Any CPU
		{EC702FCD-5F8E-4AD5-B4FE-ED6766C76522}.Debug|Any CPU.Build.0 = Debug|Any CPU
		{EC702FCD-5F8E-4AD5-B4FE-ED6766C76522}.Release|Any CPU.ActiveCfg = Release|Any CPU
		{EC702FCD-5F8E-4AD5-B4FE-ED6766C76522}.Release|Any CPU.Build.0 = Release|Any CPU
	EndGlobalSection
	GlobalSection(SolutionProperties) = preSolution
		HideSolutionNode = FALSE
	EndGlobalSection
	GlobalSection(ExtensibilityGlobals) = postSolution
		SolutionGuid = {14CFE5E4-3655-4422-A148-411DC19FC4C1}
	EndGlobalSection
EndGlobal
